
Microsoft Visual Studio Solution File, Format Version 12.00
# Visual Studio Version 17
VisualStudioVersion = 17.7.34031.279
MinimumVisualStudioVersion = 10.0.40219.1
Project("{FAE04EC0-301F-11D3-BF4B-00C04F79EFBC}") = "Instituto", "Instituto\Instituto.csproj", "{421AB5CB-B8D5-46CF-9D48-183DA0649178}"
EndProject
Global
	GlobalSection(SolutionConfigurationPlatforms) = preSolution
		Debug|Any CPU = Debug|Any CPU
		Release|Any CPU = Release|Any CPU
	EndGlobalSection
	GlobalSection(ProjectConfigurationPlatforms) = postSolution
		{421AB5CB-B8D5-46CF-9D48-183DA0649178}.Debug|Any CPU.ActiveCfg = Debug|Any CPU
		{421AB5CB-B8D5-46CF-9D48-183DA0649178}.Debug|Any CPU.Build.0 = Debug|Any CPU
		{421AB5CB-B8D5-46CF-9D48-183DA0649178}.Release|Any CPU.ActiveCfg = Release|Any CPU
		{421AB5CB-B8D5-46CF-9D48-183DA0649178}.Release|Any CPU.Build.0 = Release|Any CPU
	EndGlobalSection
	GlobalSection(SolutionProperties) = preSolution
		HideSolutionNode = FALSE
	EndGlobalSection
	GlobalSection(ExtensibilityGlobals) = postSolution
		SolutionGuid = {7B0652EF-F947-41CB-A7C9-6E1F0051C7D2}
	EndGlobalSection
EndGlobal
